
Microsoft Visual Studio Solution File, Format Version 12.00
# Visual Studio Version 16
VisualStudioVersion = 16.0.30523.141
MinimumVisualStudioVersion = 10.0.40219.1
Project("{9A19103F-16F7-4668-BE54-9A1E7A4F7556}") = "Elliptic_Curves", "Elept\Elliptic_Curves.csproj", "{F1B2D718-EDCD-4C49-AA52-1E8EC854D616}"
EndProject
Global
	GlobalSection(SolutionConfigurationPlatforms) = preSolution
		Debug|Any CPU = Debug|Any CPU
		Release|Any CPU = Release|Any CPU
	EndGlobalSection
	GlobalSection(ProjectConfigurationPlatforms) = postSolution
		{F1B2D718-EDCD-4C49-AA52-1E8EC854D616}.Debug|Any CPU.ActiveCfg = Debug|Any CPU
		{F1B2D718-EDCD-4C49-AA52-1E8EC854D616}.Debug|Any CPU.Build.0 = Debug|Any CPU
		{F1B2D718-EDCD-4C49-AA52-1E8EC854D616}.Release|Any CPU.ActiveCfg = Release|Any CPU
		{F1B2D718-EDCD-4C49-AA52-1E8EC854D616}.Release|Any CPU.Build.0 = Release|Any CPU
	EndGlobalSection
	GlobalSection(SolutionProperties) = preSolution
		HideSolutionNode = FALSE
	EndGlobalSection
	GlobalSection(ExtensibilityGlobals) = postSolution
		SolutionGuid = {B703BE4F-EA30-4119-8D61-289F2B07CC06}
	EndGlobalSection
EndGlobal
